
Microsoft Visual Studio Solution File, Format Version 12.00
Project("{FAE04EC0-301F-11D3-BF4B-00C04F79EFBC}") = "KAMTestStand", "KAMTestStand\KAMTestStand.csproj", "{DE110C78-A9CE-4472-B7A2-AF82724C5287}"
EndProject
Global
	GlobalSection(SolutionConfigurationPlatforms) = preSolution
		Debug|Any CPU = Debug|Any CPU
		Release|Any CPU = Release|Any CPU
	EndGlobalSection
	GlobalSection(ProjectConfigurationPlatforms) = postSolution
		{DE110C78-A9CE-4472-B7A2-AF82724C5287}.Debug|Any CPU.ActiveCfg = Debug|Any CPU
		{DE110C78-A9CE-4472-B7A2-AF82724C5287}.Debug|Any CPU.Build.0 = Debug|Any CPU
		{DE110C78-A9CE-4472-B7A2-AF82724C5287}.Release|Any CPU.ActiveCfg = Release|Any CPU
		{DE110C78-A9CE-4472-B7A2-AF82724C5287}.Release|Any CPU.Build.0 = Release|Any CPU
	EndGlobalSection
EndGlobal
